<Solution>
  <Folder Name="/Plugins/">
    <Project Path="Plugins/RynthCore.Plugin.RynthAi/RynthCore.Plugin.RynthAi.csproj" />
    <Project Path="Plugins/RynthCore.Plugin.RynthChat/RynthCore.Plugin.RynthChat.csproj" />
    <Project Path="Plugins/RynthCore.Plugin.RynthNet/RynthCore.Plugin.RynthNet.csproj" />
    <Project Path="Plugins/RynthCore.Plugin.RynthJuice/RynthCore.Plugin.RynthJuice.csproj" />
  </Folder>
  <Folder Name="/Shared/">
    <Project Path="Shared/RynthCore.LootSdk/RynthCore.LootSdk.csproj" />
  </Folder>
  <Folder Name="/Tools/">
    <Project Path="Tools/RynthCore.MonsterEditor/RynthCore.MonsterEditor.csproj" />
    <Project Path="Tools/RynthCore.LootEditor/RynthCore.LootEditor.csproj" />
    <Project Path="Tools/RynthLua.CompatTests/RynthLua.CompatTests.csproj" />
    <Project Path="Tools/RynthCore.RynthAiTests/RynthCore.RynthAiTests.csproj" />
    <Project Path="Tools/RynthCore.RynthAiHostTests/RynthCore.RynthAiHostTests.csproj" />
  </Folder>
  <Project Path="../RynthCore/src/RynthCore.PluginCore/RynthCore.PluginCore.csproj" />
  <Project Path="../RynthCore/src/RynthCore.PluginSdk/RynthCore.PluginSdk.csproj" />
</Solution>
